// !$*UTF8*$!
{
	archiveVersion = 1;
	classes = {
	};
	objectVersion = 56;
	objects = {

/* Begin PBXBuildFile section */
		4763FBBE2A2B131E00542956 /* LoginVIew.swift in Sources */ = {isa = PBXBuildFile; fileRef = 4763FBBD2A2B131E00542956 /* LoginVIew.swift */; };
		4763FBC12A2B13D300542956 /* GoogleSignIn in Frameworks */ = {isa = PBXBuildFile; productRef = 4763FBC02A2B13D300542956 /* GoogleSignIn */; };
		4763FBC32A2B13D300542956 /* GoogleSignInSwift in Frameworks */ = {isa = PBXBuildFile; productRef = 4763FBC22A2B13D300542956 /* GoogleSignInSwift */; };
		4763FBC52A2B1C4A00542956 /* GoogleService-Info.plist in Resources */ = {isa = PBXBuildFile; fileRef = 4763FBC42A2B1C4A00542956 /* GoogleService-Info.plist */; };
		573CE9DF2A28208600C2924B /* FirebaseAnalytics in Frameworks */ = {isa = PBXBuildFile; productRef = 573CE9DE2A28208600C2924B /* FirebaseAnalytics */; };
		573CE9E12A28208600C2924B /* FirebaseAnalyticsOnDeviceConversion in Frameworks */ = {isa = PBXBuildFile; productRef = 573CE9E02A28208600C2924B /* FirebaseAnalyticsOnDeviceConversion */; };
		573CE9E32A28208600C2924B /* FirebaseAppCheck in Frameworks */ = {isa = PBXBuildFile; productRef = 573CE9E22A28208600C2924B /* FirebaseAppCheck */; };
		573CE9E52A28208600C2924B /* FirebaseAuth in Frameworks */ = {isa = PBXBuildFile; productRef = 573CE9E42A28208600C2924B /* FirebaseAuth */; };
		573CE9E72A28208600C2924B /* FirebaseDatabase in Frameworks */ = {isa = PBXBuildFile; productRef = 573CE9E62A28208600C2924B /* FirebaseDatabase */; };
		573CE9E92A28208600C2924B /* FirebaseFirestore in Frameworks */ = {isa = PBXBuildFile; productRef = 573CE9E82A28208600C2924B /* FirebaseFirestore */; };
		573CE9EB2A28208600C2924B /* FirebasePerformance in Frameworks */ = {isa = PBXBuildFile; productRef = 573CE9EA2A28208600C2924B /* FirebasePerformance */; };
		573CE9ED2A28208600C2924B /* FirebaseStorage in Frameworks */ = {isa = PBXBuildFile; productRef = 573CE9EC2A28208600C2924B /* FirebaseStorage */; };
<<<<<<< Updated upstream
		573CE9F72A2ADBFC00C2924B /* CompletionStatus.swift in Sources */ = {isa = PBXBuildFile; fileRef = 573CE9F62A2ADBFC00C2924B /* CompletionStatus.swift */; };
		573CE9F92A2AE38B00C2924B /* GoogleService-Info.plist in Resources */ = {isa = PBXBuildFile; fileRef = 573CE9F82A2AE38B00C2924B /* GoogleService-Info.plist */; };
=======
>>>>>>> Stashed changes
		57C794EE2A281DA300A58ED1 /* CBIpocApp.swift in Sources */ = {isa = PBXBuildFile; fileRef = 57C794ED2A281DA300A58ED1 /* CBIpocApp.swift */; };
		57C794F02A281DA300A58ED1 /* ContentView.swift in Sources */ = {isa = PBXBuildFile; fileRef = 57C794EF2A281DA300A58ED1 /* ContentView.swift */; };
		57C794F22A281DA400A58ED1 /* Assets.xcassets in Resources */ = {isa = PBXBuildFile; fileRef = 57C794F12A281DA400A58ED1 /* Assets.xcassets */; };
		57C794F52A281DA400A58ED1 /* Preview Assets.xcassets in Resources */ = {isa = PBXBuildFile; fileRef = 57C794F42A281DA400A58ED1 /* Preview Assets.xcassets */; };
/* End PBXBuildFile section */

/* Begin PBXFileReference section */
<<<<<<< Updated upstream
		573CE9F62A2ADBFC00C2924B /* CompletionStatus.swift */ = {isa = PBXFileReference; lastKnownFileType = sourcecode.swift; path = CompletionStatus.swift; sourceTree = "<group>"; };
		573CE9F82A2AE38B00C2924B /* GoogleService-Info.plist */ = {isa = PBXFileReference; fileEncoding = 4; lastKnownFileType = text.plist.xml; path = "GoogleService-Info.plist"; sourceTree = "<group>"; };
=======
		4763FBBD2A2B131E00542956 /* LoginVIew.swift */ = {isa = PBXFileReference; lastKnownFileType = sourcecode.swift; path = LoginVIew.swift; sourceTree = "<group>"; };
		4763FBC42A2B1C4A00542956 /* GoogleService-Info.plist */ = {isa = PBXFileReference; fileEncoding = 4; lastKnownFileType = text.plist.xml; name = "GoogleService-Info.plist"; path = "../../../../Downloads/GoogleService-Info.plist"; sourceTree = "<group>"; };
		4763FBC62A2B1DAC00542956 /* Info.plist */ = {isa = PBXFileReference; lastKnownFileType = text.plist.xml; path = Info.plist; sourceTree = "<group>"; };
>>>>>>> Stashed changes
		57C794EA2A281DA300A58ED1 /* CBIpoc.app */ = {isa = PBXFileReference; explicitFileType = wrapper.application; includeInIndex = 0; path = CBIpoc.app; sourceTree = BUILT_PRODUCTS_DIR; };
		57C794ED2A281DA300A58ED1 /* CBIpocApp.swift */ = {isa = PBXFileReference; lastKnownFileType = sourcecode.swift; path = CBIpocApp.swift; sourceTree = "<group>"; };
		57C794EF2A281DA300A58ED1 /* ContentView.swift */ = {isa = PBXFileReference; lastKnownFileType = sourcecode.swift; path = ContentView.swift; sourceTree = "<group>"; };
		57C794F12A281DA400A58ED1 /* Assets.xcassets */ = {isa = PBXFileReference; lastKnownFileType = folder.assetcatalog; path = Assets.xcassets; sourceTree = "<group>"; };
		57C794F42A281DA400A58ED1 /* Preview Assets.xcassets */ = {isa = PBXFileReference; lastKnownFileType = folder.assetcatalog; path = "Preview Assets.xcassets"; sourceTree = "<group>"; };
/* End PBXFileReference section */

/* Begin PBXFrameworksBuildPhase section */
		57C794E72A281DA300A58ED1 /* Frameworks */ = {
			isa = PBXFrameworksBuildPhase;
			buildActionMask = 2147483647;
			files = (
				573CE9EB2A28208600C2924B /* FirebasePerformance in Frameworks */,
				573CE9E72A28208600C2924B /* FirebaseDatabase in Frameworks */,
				573CE9DF2A28208600C2924B /* FirebaseAnalytics in Frameworks */,
				573CE9E32A28208600C2924B /* FirebaseAppCheck in Frameworks */,
				573CE9E12A28208600C2924B /* FirebaseAnalyticsOnDeviceConversion in Frameworks */,
				4763FBC32A2B13D300542956 /* GoogleSignInSwift in Frameworks */,
				573CE9ED2A28208600C2924B /* FirebaseStorage in Frameworks */,
				573CE9E52A28208600C2924B /* FirebaseAuth in Frameworks */,
				573CE9E92A28208600C2924B /* FirebaseFirestore in Frameworks */,
				4763FBC12A2B13D300542956 /* GoogleSignIn in Frameworks */,
			);
			runOnlyForDeploymentPostprocessing = 0;
		};
/* End PBXFrameworksBuildPhase section */

/* Begin PBXGroup section */
		573CE9F02A29202600C2924B /* Frameworks */ = {
			isa = PBXGroup;
			children = (
			);
			name = Frameworks;
			sourceTree = "<group>";
		};
		573CE9F32A2ADBD000C2924B /* Models */ = {
			isa = PBXGroup;
			children = (
				573CE9F62A2ADBFC00C2924B /* CompletionStatus.swift */,
			);
			path = Models;
			sourceTree = "<group>";
		};
		57C794E12A281DA300A58ED1 = {
			isa = PBXGroup;
			children = (
				57C794EC2A281DA300A58ED1 /* CBIpoc */,
				57C794EB2A281DA300A58ED1 /* Products */,
				573CE9F02A29202600C2924B /* Frameworks */,
			);
			sourceTree = "<group>";
		};
		57C794EB2A281DA300A58ED1 /* Products */ = {
			isa = PBXGroup;
			children = (
				57C794EA2A281DA300A58ED1 /* CBIpoc.app */,
			);
			name = Products;
			sourceTree = "<group>";
		};
		57C794EC2A281DA300A58ED1 /* CBIpoc */ = {
			isa = PBXGroup;
			children = (
<<<<<<< Updated upstream
				573CE9F82A2AE38B00C2924B /* GoogleService-Info.plist */,
				573CE9F32A2ADBD000C2924B /* Models */,
=======
				4763FBC62A2B1DAC00542956 /* Info.plist */,
>>>>>>> Stashed changes
				57C794ED2A281DA300A58ED1 /* CBIpocApp.swift */,
				57C794EF2A281DA300A58ED1 /* ContentView.swift */,
				4763FBBD2A2B131E00542956 /* LoginVIew.swift */,
				4763FBC42A2B1C4A00542956 /* GoogleService-Info.plist */,
				57C794F12A281DA400A58ED1 /* Assets.xcassets */,
				57C794F32A281DA400A58ED1 /* Preview Content */,
			);
			path = CBIpoc;
			sourceTree = "<group>";
		};
		57C794F32A281DA400A58ED1 /* Preview Content */ = {
			isa = PBXGroup;
			children = (
				57C794F42A281DA400A58ED1 /* Preview Assets.xcassets */,
			);
			path = "Preview Content";
			sourceTree = "<group>";
		};
/* End PBXGroup section */

/* Begin PBXNativeTarget section */
		57C794E92A281DA300A58ED1 /* CBIpoc */ = {
			isa = PBXNativeTarget;
			buildConfigurationList = 57C794F82A281DA400A58ED1 /* Build configuration list for PBXNativeTarget "CBIpoc" */;
			buildPhases = (
				57C794E62A281DA300A58ED1 /* Sources */,
				57C794E72A281DA300A58ED1 /* Frameworks */,
				57C794E82A281DA300A58ED1 /* Resources */,
			);
			buildRules = (
			);
			dependencies = (
			);
			name = CBIpoc;
			packageProductDependencies = (
				573CE9DE2A28208600C2924B /* FirebaseAnalytics */,
				573CE9E02A28208600C2924B /* FirebaseAnalyticsOnDeviceConversion */,
				573CE9E22A28208600C2924B /* FirebaseAppCheck */,
				573CE9E42A28208600C2924B /* FirebaseAuth */,
				573CE9E62A28208600C2924B /* FirebaseDatabase */,
				573CE9E82A28208600C2924B /* FirebaseFirestore */,
				573CE9EA2A28208600C2924B /* FirebasePerformance */,
				573CE9EC2A28208600C2924B /* FirebaseStorage */,
				4763FBC02A2B13D300542956 /* GoogleSignIn */,
				4763FBC22A2B13D300542956 /* GoogleSignInSwift */,
			);
			productName = CBIpoc;
			productReference = 57C794EA2A281DA300A58ED1 /* CBIpoc.app */;
			productType = "com.apple.product-type.application";
		};
/* End PBXNativeTarget section */

/* Begin PBXProject section */
		57C794E22A281DA300A58ED1 /* Project object */ = {
			isa = PBXProject;
			attributes = {
				BuildIndependentTargetsInParallel = 1;
				LastSwiftUpdateCheck = 1430;
				LastUpgradeCheck = 1430;
				TargetAttributes = {
					57C794E92A281DA300A58ED1 = {
						CreatedOnToolsVersion = 14.3;
					};
				};
			};
			buildConfigurationList = 57C794E52A281DA300A58ED1 /* Build configuration list for PBXProject "CBIpoc" */;
			compatibilityVersion = "Xcode 14.0";
			developmentRegion = en;
			hasScannedForEncodings = 0;
			knownRegions = (
				en,
				Base,
			);
			mainGroup = 57C794E12A281DA300A58ED1;
			packageReferences = (
				573CE9DD2A28208600C2924B /* XCRemoteSwiftPackageReference "firebase-ios-sdk" */,
				4763FBBF2A2B13D300542956 /* XCRemoteSwiftPackageReference "GoogleSignIn-iOS" */,
			);
			productRefGroup = 57C794EB2A281DA300A58ED1 /* Products */;
			projectDirPath = "";
			projectRoot = "";
			targets = (
				57C794E92A281DA300A58ED1 /* CBIpoc */,
			);
		};
/* End PBXProject section */

/* Begin PBXResourcesBuildPhase section */
		57C794E82A281DA300A58ED1 /* Resources */ = {
			isa = PBXResourcesBuildPhase;
			buildActionMask = 2147483647;
			files = (
				57C794F52A281DA400A58ED1 /* Preview Assets.xcassets in Resources */,
				573CE9F92A2AE38B00C2924B /* GoogleService-Info.plist in Resources */,
				57C794F22A281DA400A58ED1 /* Assets.xcassets in Resources */,
<<<<<<< Updated upstream
=======
				4763FBC52A2B1C4A00542956 /* GoogleService-Info.plist in Resources */,
>>>>>>> Stashed changes
			);
			runOnlyForDeploymentPostprocessing = 0;
		};
/* End PBXResourcesBuildPhase section */

/* Begin PBXSourcesBuildPhase section */
		57C794E62A281DA300A58ED1 /* Sources */ = {
			isa = PBXSourcesBuildPhase;
			buildActionMask = 2147483647;
			files = (
				4763FBBE2A2B131E00542956 /* LoginVIew.swift in Sources */,
				57C794F02A281DA300A58ED1 /* ContentView.swift in Sources */,
				57C794EE2A281DA300A58ED1 /* CBIpocApp.swift in Sources */,
				573CE9F72A2ADBFC00C2924B /* CompletionStatus.swift in Sources */,
			);
			runOnlyForDeploymentPostprocessing = 0;
		};
/* End PBXSourcesBuildPhase section */

/* Begin XCBuildConfiguration section */
		57C794F62A281DA400A58ED1 /* Debug */ = {
			isa = XCBuildConfiguration;
			buildSettings = {
				ALWAYS_SEARCH_USER_PATHS = NO;
				CLANG_ANALYZER_NONNULL = YES;
				CLANG_ANALYZER_NUMBER_OBJECT_CONVERSION = YES_AGGRESSIVE;
				CLANG_CXX_LANGUAGE_STANDARD = "gnu++20";
				CLANG_ENABLE_MODULES = YES;
				CLANG_ENABLE_OBJC_ARC = YES;
				CLANG_ENABLE_OBJC_WEAK = YES;
				CLANG_WARN_BLOCK_CAPTURE_AUTORELEASING = YES;
				CLANG_WARN_BOOL_CONVERSION = YES;
				CLANG_WARN_COMMA = YES;
				CLANG_WARN_CONSTANT_CONVERSION = YES;
				CLANG_WARN_DEPRECATED_OBJC_IMPLEMENTATIONS = YES;
				CLANG_WARN_DIRECT_OBJC_ISA_USAGE = YES_ERROR;
				CLANG_WARN_DOCUMENTATION_COMMENTS = YES;
				CLANG_WARN_EMPTY_BODY = YES;
				CLANG_WARN_ENUM_CONVERSION = YES;
				CLANG_WARN_INFINITE_RECURSION = YES;
				CLANG_WARN_INT_CONVERSION = YES;
				CLANG_WARN_NON_LITERAL_NULL_CONVERSION = YES;
				CLANG_WARN_OBJC_IMPLICIT_RETAIN_SELF = YES;
				CLANG_WARN_OBJC_LITERAL_CONVERSION = YES;
				CLANG_WARN_OBJC_ROOT_CLASS = YES_ERROR;
				CLANG_WARN_QUOTED_INCLUDE_IN_FRAMEWORK_HEADER = YES;
				CLANG_WARN_RANGE_LOOP_ANALYSIS = YES;
				CLANG_WARN_STRICT_PROTOTYPES = YES;
				CLANG_WARN_SUSPICIOUS_MOVE = YES;
				CLANG_WARN_UNGUARDED_AVAILABILITY = YES_AGGRESSIVE;
				CLANG_WARN_UNREACHABLE_CODE = YES;
				CLANG_WARN__DUPLICATE_METHOD_MATCH = YES;
				COPY_PHASE_STRIP = NO;
				DEBUG_INFORMATION_FORMAT = dwarf;
				ENABLE_STRICT_OBJC_MSGSEND = YES;
				ENABLE_TESTABILITY = YES;
				GCC_C_LANGUAGE_STANDARD = gnu11;
				GCC_DYNAMIC_NO_PIC = NO;
				GCC_NO_COMMON_BLOCKS = YES;
				GCC_OPTIMIZATION_LEVEL = 0;
				GCC_PREPROCESSOR_DEFINITIONS = (
					"DEBUG=1",
					"$(inherited)",
				);
				GCC_WARN_64_TO_32_BIT_CONVERSION = YES;
				GCC_WARN_ABOUT_RETURN_TYPE = YES_ERROR;
				GCC_WARN_UNDECLARED_SELECTOR = YES;
				GCC_WARN_UNINITIALIZED_AUTOS = YES_AGGRESSIVE;
				GCC_WARN_UNUSED_FUNCTION = YES;
				GCC_WARN_UNUSED_VARIABLE = YES;
				IPHONEOS_DEPLOYMENT_TARGET = 16.4;
				MTL_ENABLE_DEBUG_INFO = INCLUDE_SOURCE;
				MTL_FAST_MATH = YES;
				ONLY_ACTIVE_ARCH = YES;
				SDKROOT = iphoneos;
				SWIFT_ACTIVE_COMPILATION_CONDITIONS = DEBUG;
				SWIFT_OPTIMIZATION_LEVEL = "-Onone";
			};
			name = Debug;
		};
		57C794F72A281DA400A58ED1 /* Release */ = {
			isa = XCBuildConfiguration;
			buildSettings = {
				ALWAYS_SEARCH_USER_PATHS = NO;
				CLANG_ANALYZER_NONNULL = YES;
				CLANG_ANALYZER_NUMBER_OBJECT_CONVERSION = YES_AGGRESSIVE;
				CLANG_CXX_LANGUAGE_STANDARD = "gnu++20";
				CLANG_ENABLE_MODULES = YES;
				CLANG_ENABLE_OBJC_ARC = YES;
				CLANG_ENABLE_OBJC_WEAK = YES;
				CLANG_WARN_BLOCK_CAPTURE_AUTORELEASING = YES;
				CLANG_WARN_BOOL_CONVERSION = YES;
				CLANG_WARN_COMMA = YES;
				CLANG_WARN_CONSTANT_CONVERSION = YES;
				CLANG_WARN_DEPRECATED_OBJC_IMPLEMENTATIONS = YES;
				CLANG_WARN_DIRECT_OBJC_ISA_USAGE = YES_ERROR;
				CLANG_WARN_DOCUMENTATION_COMMENTS = YES;
				CLANG_WARN_EMPTY_BODY = YES;
				CLANG_WARN_ENUM_CONVERSION = YES;
				CLANG_WARN_INFINITE_RECURSION = YES;
				CLANG_WARN_INT_CONVERSION = YES;
				CLANG_WARN_NON_LITERAL_NULL_CONVERSION = YES;
				CLANG_WARN_OBJC_IMPLICIT_RETAIN_SELF = YES;
				CLANG_WARN_OBJC_LITERAL_CONVERSION = YES;
				CLANG_WARN_OBJC_ROOT_CLASS = YES_ERROR;
				CLANG_WARN_QUOTED_INCLUDE_IN_FRAMEWORK_HEADER = YES;
				CLANG_WARN_RANGE_LOOP_ANALYSIS = YES;
				CLANG_WARN_STRICT_PROTOTYPES = YES;
				CLANG_WARN_SUSPICIOUS_MOVE = YES;
				CLANG_WARN_UNGUARDED_AVAILABILITY = YES_AGGRESSIVE;
				CLANG_WARN_UNREACHABLE_CODE = YES;
				CLANG_WARN__DUPLICATE_METHOD_MATCH = YES;
				COPY_PHASE_STRIP = NO;
				DEBUG_INFORMATION_FORMAT = "dwarf-with-dsym";
				ENABLE_NS_ASSERTIONS = NO;
				ENABLE_STRICT_OBJC_MSGSEND = YES;
				GCC_C_LANGUAGE_STANDARD = gnu11;
				GCC_NO_COMMON_BLOCKS = YES;
				GCC_WARN_64_TO_32_BIT_CONVERSION = YES;
				GCC_WARN_ABOUT_RETURN_TYPE = YES_ERROR;
				GCC_WARN_UNDECLARED_SELECTOR = YES;
				GCC_WARN_UNINITIALIZED_AUTOS = YES_AGGRESSIVE;
				GCC_WARN_UNUSED_FUNCTION = YES;
				GCC_WARN_UNUSED_VARIABLE = YES;
				IPHONEOS_DEPLOYMENT_TARGET = 16.4;
				MTL_ENABLE_DEBUG_INFO = NO;
				MTL_FAST_MATH = YES;
				SDKROOT = iphoneos;
				SWIFT_COMPILATION_MODE = wholemodule;
				SWIFT_OPTIMIZATION_LEVEL = "-O";
				VALIDATE_PRODUCT = YES;
			};
			name = Release;
		};
		57C794F92A281DA400A58ED1 /* Debug */ = {
			isa = XCBuildConfiguration;
			buildSettings = {
				ASSETCATALOG_COMPILER_APPICON_NAME = AppIcon;
				ASSETCATALOG_COMPILER_GLOBAL_ACCENT_COLOR_NAME = AccentColor;
				CODE_SIGN_STYLE = Automatic;
				CURRENT_PROJECT_VERSION = 1;
				DEVELOPMENT_ASSET_PATHS = "\"CBIpoc/Preview Content\"";
				DEVELOPMENT_TEAM = 953NV3A6U9;
				ENABLE_PREVIEWS = YES;
				GENERATE_INFOPLIST_FILE = YES;
				INFOPLIST_FILE = CBIpoc/Info.plist;
				INFOPLIST_KEY_LSApplicationCategoryType = "";
				INFOPLIST_KEY_NSCameraUsageDescription = "CBIpoc Needs to use camera";
				INFOPLIST_KEY_UIApplicationSceneManifest_Generation = YES;
				INFOPLIST_KEY_UIApplicationSupportsIndirectInputEvents = YES;
				INFOPLIST_KEY_UILaunchScreen_Generation = YES;
				INFOPLIST_KEY_UISupportedInterfaceOrientations_iPad = "UIInterfaceOrientationPortrait UIInterfaceOrientationPortraitUpsideDown UIInterfaceOrientationLandscapeLeft UIInterfaceOrientationLandscapeRight";
				INFOPLIST_KEY_UISupportedInterfaceOrientations_iPhone = "UIInterfaceOrientationPortrait UIInterfaceOrientationLandscapeLeft UIInterfaceOrientationLandscapeRight";
				LD_RUNPATH_SEARCH_PATHS = (
					"$(inherited)",
					"@executable_path/Frameworks",
				);
				MARKETING_VERSION = 1.0;
				PRODUCT_BUNDLE_IDENTIFIER = com.STTK.CBIpoc;
				PRODUCT_NAME = "$(TARGET_NAME)";
				SWIFT_EMIT_LOC_STRINGS = YES;
				SWIFT_VERSION = 5.0;
				TARGETED_DEVICE_FAMILY = "1,2";
			};
			name = Debug;
		};
		57C794FA2A281DA400A58ED1 /* Release */ = {
			isa = XCBuildConfiguration;
			buildSettings = {
				ASSETCATALOG_COMPILER_APPICON_NAME = AppIcon;
				ASSETCATALOG_COMPILER_GLOBAL_ACCENT_COLOR_NAME = AccentColor;
				CODE_SIGN_STYLE = Automatic;
				CURRENT_PROJECT_VERSION = 1;
				DEVELOPMENT_ASSET_PATHS = "\"CBIpoc/Preview Content\"";
				DEVELOPMENT_TEAM = 953NV3A6U9;
				ENABLE_PREVIEWS = YES;
				GENERATE_INFOPLIST_FILE = YES;
				INFOPLIST_FILE = CBIpoc/Info.plist;
				INFOPLIST_KEY_LSApplicationCategoryType = "";
				INFOPLIST_KEY_NSCameraUsageDescription = "CBIpoc Needs to use camera";
				INFOPLIST_KEY_UIApplicationSceneManifest_Generation = YES;
				INFOPLIST_KEY_UIApplicationSupportsIndirectInputEvents = YES;
				INFOPLIST_KEY_UILaunchScreen_Generation = YES;
				INFOPLIST_KEY_UISupportedInterfaceOrientations_iPad = "UIInterfaceOrientationPortrait UIInterfaceOrientationPortraitUpsideDown UIInterfaceOrientationLandscapeLeft UIInterfaceOrientationLandscapeRight";
				INFOPLIST_KEY_UISupportedInterfaceOrientations_iPhone = "UIInterfaceOrientationPortrait UIInterfaceOrientationLandscapeLeft UIInterfaceOrientationLandscapeRight";
				LD_RUNPATH_SEARCH_PATHS = (
					"$(inherited)",
					"@executable_path/Frameworks",
				);
				MARKETING_VERSION = 1.0;
				PRODUCT_BUNDLE_IDENTIFIER = com.STTK.CBIpoc;
				PRODUCT_NAME = "$(TARGET_NAME)";
				SWIFT_EMIT_LOC_STRINGS = YES;
				SWIFT_VERSION = 5.0;
				TARGETED_DEVICE_FAMILY = "1,2";
			};
			name = Release;
		};
/* End XCBuildConfiguration section */

/* Begin XCConfigurationList section */
		57C794E52A281DA300A58ED1 /* Build configuration list for PBXProject "CBIpoc" */ = {
			isa = XCConfigurationList;
			buildConfigurations = (
				57C794F62A281DA400A58ED1 /* Debug */,
				57C794F72A281DA400A58ED1 /* Release */,
			);
			defaultConfigurationIsVisible = 0;
			defaultConfigurationName = Release;
		};
		57C794F82A281DA400A58ED1 /* Build configuration list for PBXNativeTarget "CBIpoc" */ = {
			isa = XCConfigurationList;
			buildConfigurations = (
				57C794F92A281DA400A58ED1 /* Debug */,
				57C794FA2A281DA400A58ED1 /* Release */,
			);
			defaultConfigurationIsVisible = 0;
			defaultConfigurationName = Release;
		};
/* End XCConfigurationList section */

/* Begin XCRemoteSwiftPackageReference section */
		4763FBBF2A2B13D300542956 /* XCRemoteSwiftPackageReference "GoogleSignIn-iOS" */ = {
			isa = XCRemoteSwiftPackageReference;
			repositoryURL = "https://github.com/google/GoogleSignIn-iOS";
			requirement = {
				kind = upToNextMajorVersion;
				minimumVersion = 7.0.0;
			};
		};
		573CE9DD2A28208600C2924B /* XCRemoteSwiftPackageReference "firebase-ios-sdk" */ = {
			isa = XCRemoteSwiftPackageReference;
			repositoryURL = "https://github.com/firebase/firebase-ios-sdk";
			requirement = {
				kind = upToNextMajorVersion;
				minimumVersion = 10.0.0;
			};
		};
/* End XCRemoteSwiftPackageReference section */

/* Begin XCSwiftPackageProductDependency section */
		4763FBC02A2B13D300542956 /* GoogleSignIn */ = {
			isa = XCSwiftPackageProductDependency;
			package = 4763FBBF2A2B13D300542956 /* XCRemoteSwiftPackageReference "GoogleSignIn-iOS" */;
			productName = GoogleSignIn;
		};
		4763FBC22A2B13D300542956 /* GoogleSignInSwift */ = {
			isa = XCSwiftPackageProductDependency;
			package = 4763FBBF2A2B13D300542956 /* XCRemoteSwiftPackageReference "GoogleSignIn-iOS" */;
			productName = GoogleSignInSwift;
		};
		573CE9DE2A28208600C2924B /* FirebaseAnalytics */ = {
			isa = XCSwiftPackageProductDependency;
			package = 573CE9DD2A28208600C2924B /* XCRemoteSwiftPackageReference "firebase-ios-sdk" */;
			productName = FirebaseAnalytics;
		};
		573CE9E02A28208600C2924B /* FirebaseAnalyticsOnDeviceConversion */ = {
			isa = XCSwiftPackageProductDependency;
			package = 573CE9DD2A28208600C2924B /* XCRemoteSwiftPackageReference "firebase-ios-sdk" */;
			productName = FirebaseAnalyticsOnDeviceConversion;
		};
		573CE9E22A28208600C2924B /* FirebaseAppCheck */ = {
			isa = XCSwiftPackageProductDependency;
			package = 573CE9DD2A28208600C2924B /* XCRemoteSwiftPackageReference "firebase-ios-sdk" */;
			productName = FirebaseAppCheck;
		};
		573CE9E42A28208600C2924B /* FirebaseAuth */ = {
			isa = XCSwiftPackageProductDependency;
			package = 573CE9DD2A28208600C2924B /* XCRemoteSwiftPackageReference "firebase-ios-sdk" */;
			productName = FirebaseAuth;
		};
		573CE9E62A28208600C2924B /* FirebaseDatabase */ = {
			isa = XCSwiftPackageProductDependency;
			package = 573CE9DD2A28208600C2924B /* XCRemoteSwiftPackageReference "firebase-ios-sdk" */;
			productName = FirebaseDatabase;
		};
		573CE9E82A28208600C2924B /* FirebaseFirestore */ = {
			isa = XCSwiftPackageProductDependency;
			package = 573CE9DD2A28208600C2924B /* XCRemoteSwiftPackageReference "firebase-ios-sdk" */;
			productName = FirebaseFirestore;
		};
		573CE9EA2A28208600C2924B /* FirebasePerformance */ = {
			isa = XCSwiftPackageProductDependency;
			package = 573CE9DD2A28208600C2924B /* XCRemoteSwiftPackageReference "firebase-ios-sdk" */;
			productName = FirebasePerformance;
		};
		573CE9EC2A28208600C2924B /* FirebaseStorage */ = {
			isa = XCSwiftPackageProductDependency;
			package = 573CE9DD2A28208600C2924B /* XCRemoteSwiftPackageReference "firebase-ios-sdk" */;
			productName = FirebaseStorage;
		};
/* End XCSwiftPackageProductDependency section */
	};
	rootObject = 57C794E22A281DA300A58ED1 /* Project object */;
}
